
Microsoft Visual Studio Solution File, Format Version 12.00
# Visual Studio Version 17
VisualStudioVersion = 17.10.34825.169
MinimumVisualStudioVersion = 10.0.40219.1
Project("{FAE04EC0-301F-11D3-BF4B-00C04F79EFBC}") = "E-commerce_Api", "E-commerce_Api\E-commerce_Api.csproj", "{D2283E17-48ED-4ED6-A898-EC201FE8917D}"
EndProject
Project("{2150E333-8FDC-42A3-9474-1A3956D46DE8}") = "Api", "Api", "{7DC7C7F2-08C4-4772-8857-EE1A19359BD4}"
EndProject
Project("{2150E333-8FDC-42A3-9474-1A3956D46DE8}") = "Application", "Application", "{BAAD5F27-223E-49D8-97F9-2E6640DD3BEA}"
EndProject
Project("{2150E333-8FDC-42A3-9474-1A3956D46DE8}") = "Domain", "Domain", "{13CC3A4E-C405-4DB0-B464-6E663115224F}"
EndProject
Project("{2150E333-8FDC-42A3-9474-1A3956D46DE8}") = "Infrastructure", "Infrastructure", "{EDCFF3A2-5804-423A-89BA-8B8BBFAF0338}"
EndProject
Project("{FAE04EC0-301F-11D3-BF4B-00C04F79EFBC}") = "Domain", "Domain\Domain.csproj", "{1C6A3557-0A95-4911-A6E3-9248BC322037}"
EndProject
Project("{FAE04EC0-301F-11D3-BF4B-00C04F79EFBC}") = "Application", "Application\Application.csproj", "{892023F9-05DB-47E1-A9BF-224EF77262CA}"
EndProject
Project("{FAE04EC0-301F-11D3-BF4B-00C04F79EFBC}") = "Infrastructure", "Infrastructure\Infrastructure.csproj", "{C7903133-0411-4DD2-9F41-44266BE18E1E}"
EndProject
Global
	GlobalSection(SolutionConfigurationPlatforms) = preSolution
		Debug|Any CPU = Debug|Any CPU
		Release|Any CPU = Release|Any CPU
	EndGlobalSection
	GlobalSection(ProjectConfigurationPlatforms) = postSolution
		{D2283E17-48ED-4ED6-A898-EC201FE8917D}.Debug|Any CPU.ActiveCfg = Debug|Any CPU
		{D2283E17-48ED-4ED6-A898-EC201FE8917D}.Debug|Any CPU.Build.0 = Debug|Any CPU
		{D2283E17-48ED-4ED6-A898-EC201FE8917D}.Release|Any CPU.ActiveCfg = Release|Any CPU
		{D2283E17-48ED-4ED6-A898-EC201FE8917D}.Release|Any CPU.Build.0 = Release|Any CPU
		{1C6A3557-0A95-4911-A6E3-9248BC322037}.Debug|Any CPU.ActiveCfg = Debug|Any CPU
		{1C6A3557-0A95-4911-A6E3-9248BC322037}.Debug|Any CPU.Build.0 = Debug|Any CPU
		{1C6A3557-0A95-4911-A6E3-9248BC322037}.Release|Any CPU.ActiveCfg = Release|Any CPU
		{1C6A3557-0A95-4911-A6E3-9248BC322037}.Release|Any CPU.Build.0 = Release|Any CPU
		{892023F9-05DB-47E1-A9BF-224EF77262CA}.Debug|Any CPU.ActiveCfg = Debug|Any CPU
		{892023F9-05DB-47E1-A9BF-224EF77262CA}.Debug|Any CPU.Build.0 = Debug|Any CPU
		{892023F9-05DB-47E1-A9BF-224EF77262CA}.Release|Any CPU.ActiveCfg = Release|Any CPU
		{892023F9-05DB-47E1-A9BF-224EF77262CA}.Release|Any CPU.Build.0 = Release|Any CPU
		{C7903133-0411-4DD2-9F41-44266BE18E1E}.Debug|Any CPU.ActiveCfg = Debug|Any CPU
		{C7903133-0411-4DD2-9F41-44266BE18E1E}.Debug|Any CPU.Build.0 = Debug|Any CPU
		{C7903133-0411-4DD2-9F41-44266BE18E1E}.Release|Any CPU.ActiveCfg = Release|Any CPU
		{C7903133-0411-4DD2-9F41-44266BE18E1E}.Release|Any CPU.Build.0 = Release|Any CPU
	EndGlobalSection
	GlobalSection(SolutionProperties) = preSolution
		HideSolutionNode = FALSE
	EndGlobalSection
	GlobalSection(NestedProjects) = preSolution
		{D2283E17-48ED-4ED6-A898-EC201FE8917D} = {7DC7C7F2-08C4-4772-8857-EE1A19359BD4}
		{1C6A3557-0A95-4911-A6E3-9248BC322037} = {13CC3A4E-C405-4DB0-B464-6E663115224F}
		{892023F9-05DB-47E1-A9BF-224EF77262CA} = {BAAD5F27-223E-49D8-97F9-2E6640DD3BEA}
		{C7903133-0411-4DD2-9F41-44266BE18E1E} = {EDCFF3A2-5804-423A-89BA-8B8BBFAF0338}
	EndGlobalSection
	GlobalSection(ExtensibilityGlobals) = postSolution
		SolutionGuid = {5DC34C95-66CA-4E98-8647-0E0F41E236B2}
	EndGlobalSection
EndGlobal
